// !$*UTF8*$!
{
	archiveVersion = 1;
	classes = {
	};
	objectVersion = 46;
	objects = {

/* Begin PBXBuildFile section */
		054636DA1EE70FAB00947845 /* AppDelegate.swift in Sources */ = {isa = PBXBuildFile; fileRef = 054636D91EE70FAB00947845 /* AppDelegate.swift */; };
		054636DF1EE70FAB00947845 /* Main.storyboard in Resources */ = {isa = PBXBuildFile; fileRef = 054636DD1EE70FAB00947845 /* Main.storyboard */; };
		054636E11EE70FAB00947845 /* Assets.xcassets in Resources */ = {isa = PBXBuildFile; fileRef = 054636E01EE70FAB00947845 /* Assets.xcassets */; };
		054636E41EE70FAB00947845 /* LaunchScreen.storyboard in Resources */ = {isa = PBXBuildFile; fileRef = 054636E21EE70FAB00947845 /* LaunchScreen.storyboard */; };
		054636EF1EE70FAC00947845 /* G04_Mock_Project_CinemaTests.swift in Sources */ = {isa = PBXBuildFile; fileRef = 054636EE1EE70FAC00947845 /* G04_Mock_Project_CinemaTests.swift */; };
		054636FA1EE70FAC00947845 /* G04_Mock_Project_CinemaUITests.swift in Sources */ = {isa = PBXBuildFile; fileRef = 054636F91EE70FAC00947845 /* G04_Mock_Project_CinemaUITests.swift */; };
		0546370F1EE7121E00947845 /* UserProfile.swift in Sources */ = {isa = PBXBuildFile; fileRef = 0546370E1EE7121E00947845 /* UserProfile.swift */; };
		054637111EE7122F00947845 /* LoginViewController.swift in Sources */ = {isa = PBXBuildFile; fileRef = 054637101EE7122F00947845 /* LoginViewController.swift */; };
		054637131EE7124900947845 /* RegisterViewController.swift in Sources */ = {isa = PBXBuildFile; fileRef = 054637121EE7124900947845 /* RegisterViewController.swift */; };
		058A8F341EE81AD900FF1418 /* ViewController.swift in Sources */ = {isa = PBXBuildFile; fileRef = 058A8F331EE81AD900FF1418 /* ViewController.swift */; };
		058A8F361EE830B400FF1418 /* TableViewController.swift in Sources */ = {isa = PBXBuildFile; fileRef = 058A8F351EE830B400FF1418 /* TableViewController.swift */; };
		05B4FC011EE7199C00E68BD4 /* Validate.swift in Sources */ = {isa = PBXBuildFile; fileRef = 05B4FC001EE7199C00E68BD4 /* Validate.swift */; };
		05B4FC031EE71B0E00E68BD4 /* ChangePasssViewController.swift in Sources */ = {isa = PBXBuildFile; fileRef = 05B4FC021EE71B0E00E68BD4 /* ChangePasssViewController.swift */; };
		05B4FC051EE71B2100E68BD4 /* Dowloader.swift in Sources */ = {isa = PBXBuildFile; fileRef = 05B4FC041EE71B2100E68BD4 /* Dowloader.swift */; };
		05B4FC071EE71B3C00E68BD4 /* ForgotViewController.swift in Sources */ = {isa = PBXBuildFile; fileRef = 05B4FC061EE71B3C00E68BD4 /* ForgotViewController.swift */; };
		05B4FC0B1EE72F6800E68BD4 /* UserProfileViewController.swift in Sources */ = {isa = PBXBuildFile; fileRef = 05B4FC0A1EE72F6800E68BD4 /* UserProfileViewController.swift */; };
		05B4FC0D1EE72FB400E68BD4 /* Acount.swift in Sources */ = {isa = PBXBuildFile; fileRef = 05B4FC0C1EE72FB400E68BD4 /* Acount.swift */; };
		05B4FC0F1EE7B7F000E68BD4 /* CustomTabBarController.swift in Sources */ = {isa = PBXBuildFile; fileRef = 05B4FC0E1EE7B7F000E68BD4 /* CustomTabBarController.swift */; };
		05B4FC111EE7C19E00E68BD4 /* SapChieuViewController.swift in Sources */ = {isa = PBXBuildFile; fileRef = 05B4FC101EE7C19E00E68BD4 /* SapChieuViewController.swift */; };
		05B4FC131EE7C2C000E68BD4 /* MovieDetail.swift in Sources */ = {isa = PBXBuildFile; fileRef = 05B4FC121EE7C2BF00E68BD4 /* MovieDetail.swift */; };
		05B4FC151EE7C6EF00E68BD4 /* Seat.swift in Sources */ = {isa = PBXBuildFile; fileRef = 05B4FC141EE7C6EF00E68BD4 /* Seat.swift */; };
		05B4FC171EE7C70900E68BD4 /* ShowTime.swift in Sources */ = {isa = PBXBuildFile; fileRef = 05B4FC161EE7C70900E68BD4 /* ShowTime.swift */; };
		05B4FC191EE7C71200E68BD4 /* ShowTimeInfo.swift in Sources */ = {isa = PBXBuildFile; fileRef = 05B4FC181EE7C71200E68BD4 /* ShowTimeInfo.swift */; };
		05B4FC1D1EE7C8A300E68BD4 /* FilmInfo.swift in Sources */ = {isa = PBXBuildFile; fileRef = 05B4FC1C1EE7C8A300E68BD4 /* FilmInfo.swift */; };
		05B4FC201EE7C8CD00E68BD4 /* DesignTableViewCell.swift in Sources */ = {isa = PBXBuildFile; fileRef = 05B4FC1E1EE7C8CD00E68BD4 /* DesignTableViewCell.swift */; };
		05B4FC211EE7C8CD00E68BD4 /* DesignTableViewCell.xib in Resources */ = {isa = PBXBuildFile; fileRef = 05B4FC1F1EE7C8CD00E68BD4 /* DesignTableViewCell.xib */; };
		05B4FC231EE7CA5800E68BD4 /* LoginTextField.swift in Sources */ = {isa = PBXBuildFile; fileRef = 05B4FC221EE7CA5800E68BD4 /* LoginTextField.swift */; };
		05B4FC251EE7CE4000E68BD4 /* Info.plist in Resources */ = {isa = PBXBuildFile; fileRef = 05B4FC241EE7CE4000E68BD4 /* Info.plist */; };
		05B4FC271EE7DC8000E68BD4 /* GoogleService-Info.plist in Resources */ = {isa = PBXBuildFile; fileRef = 05B4FC261EE7DC8000E68BD4 /* GoogleService-Info.plist */; };
		19439E197AFEF11C2B1E570F /* Pods_G04_Mock_Project_Cinema.framework in Frameworks */ = {isa = PBXBuildFile; fileRef = 25B23F4955EB62218B76107C /* Pods_G04_Mock_Project_Cinema.framework */; };
		19EB39EA6B69BA3A6157464B /* Pods_G04_Mock_Project_CinemaTests.framework in Frameworks */ = {isa = PBXBuildFile; fileRef = BAA041DF930991957DF77983 /* Pods_G04_Mock_Project_CinemaTests.framework */; };
		BF1E83F45A388DA92C5212BD /* Pods_G04_Mock_Project_CinemaUITests.framework in Frameworks */ = {isa = PBXBuildFile; fileRef = FFEDD4D336BB119696FC9754 /* Pods_G04_Mock_Project_CinemaUITests.framework */; };
/* End PBXBuildFile section */

/* Begin PBXContainerItemProxy section */
		054636EB1EE70FAC00947845 /* PBXContainerItemProxy */ = {
			isa = PBXContainerItemProxy;
			containerPortal = 054636CE1EE70FAB00947845 /* Project object */;
			proxyType = 1;
			remoteGlobalIDString = 054636D51EE70FAB00947845;
			remoteInfo = G04_Mock_Project_Cinema;
		};
		054636F61EE70FAC00947845 /* PBXContainerItemProxy */ = {
			isa = PBXContainerItemProxy;
			containerPortal = 054636CE1EE70FAB00947845 /* Project object */;
			proxyType = 1;
			remoteGlobalIDString = 054636D51EE70FAB00947845;
			remoteInfo = G04_Mock_Project_Cinema;
		};
/* End PBXContainerItemProxy section */

/* Begin PBXFileReference section */
		054636D61EE70FAB00947845 /* G04_Mock_Project_Cinema.app */ = {isa = PBXFileReference; explicitFileType = wrapper.application; includeInIndex = 0; path = G04_Mock_Project_Cinema.app; sourceTree = BUILT_PRODUCTS_DIR; };
		054636D91EE70FAB00947845 /* AppDelegate.swift */ = {isa = PBXFileReference; lastKnownFileType = sourcecode.swift; path = AppDelegate.swift; sourceTree = "<group>"; };
		054636DE1EE70FAB00947845 /* Base */ = {isa = PBXFileReference; lastKnownFileType = file.storyboard; name = Base; path = Base.lproj/Main.storyboard; sourceTree = "<group>"; };
		054636E01EE70FAB00947845 /* Assets.xcassets */ = {isa = PBXFileReference; lastKnownFileType = folder.assetcatalog; path = Assets.xcassets; sourceTree = "<group>"; };
		054636E31EE70FAB00947845 /* Base */ = {isa = PBXFileReference; lastKnownFileType = file.storyboard; name = Base; path = Base.lproj/LaunchScreen.storyboard; sourceTree = "<group>"; };
		054636EA1EE70FAC00947845 /* G04_Mock_Project_CinemaTests.xctest */ = {isa = PBXFileReference; explicitFileType = wrapper.cfbundle; includeInIndex = 0; path = G04_Mock_Project_CinemaTests.xctest; sourceTree = BUILT_PRODUCTS_DIR; };
		054636EE1EE70FAC00947845 /* G04_Mock_Project_CinemaTests.swift */ = {isa = PBXFileReference; lastKnownFileType = sourcecode.swift; path = G04_Mock_Project_CinemaTests.swift; sourceTree = "<group>"; };
		054636F01EE70FAC00947845 /* Info.plist */ = {isa = PBXFileReference; lastKnownFileType = text.plist.xml; path = Info.plist; sourceTree = "<group>"; };
		054636F51EE70FAC00947845 /* G04_Mock_Project_CinemaUITests.xctest */ = {isa = PBXFileReference; explicitFileType = wrapper.cfbundle; includeInIndex = 0; path = G04_Mock_Project_CinemaUITests.xctest; sourceTree = BUILT_PRODUCTS_DIR; };
		054636F91EE70FAC00947845 /* G04_Mock_Project_CinemaUITests.swift */ = {isa = PBXFileReference; lastKnownFileType = sourcecode.swift; path = G04_Mock_Project_CinemaUITests.swift; sourceTree = "<group>"; };
		054636FB1EE70FAC00947845 /* Info.plist */ = {isa = PBXFileReference; lastKnownFileType = text.plist.xml; path = Info.plist; sourceTree = "<group>"; };
		0546370E1EE7121E00947845 /* UserProfile.swift */ = {isa = PBXFileReference; fileEncoding = 4; lastKnownFileType = sourcecode.swift; path = UserProfile.swift; sourceTree = "<group>"; };
		054637101EE7122F00947845 /* LoginViewController.swift */ = {isa = PBXFileReference; fileEncoding = 4; lastKnownFileType = sourcecode.swift; path = LoginViewController.swift; sourceTree = "<group>"; };
		054637121EE7124900947845 /* RegisterViewController.swift */ = {isa = PBXFileReference; fileEncoding = 4; lastKnownFileType = sourcecode.swift; path = RegisterViewController.swift; sourceTree = "<group>"; };
		058A8F331EE81AD900FF1418 /* ViewController.swift */ = {isa = PBXFileReference; fileEncoding = 4; lastKnownFileType = sourcecode.swift; name = ViewController.swift; path = ../ViewController.swift; sourceTree = "<group>"; };
		058A8F351EE830B400FF1418 /* TableViewController.swift */ = {isa = PBXFileReference; fileEncoding = 4; lastKnownFileType = sourcecode.swift; path = TableViewController.swift; sourceTree = "<group>"; };
		05B4FC001EE7199C00E68BD4 /* Validate.swift */ = {isa = PBXFileReference; fileEncoding = 4; lastKnownFileType = sourcecode.swift; path = Validate.swift; sourceTree = "<group>"; };
		05B4FC021EE71B0E00E68BD4 /* ChangePasssViewController.swift */ = {isa = PBXFileReference; fileEncoding = 4; lastKnownFileType = sourcecode.swift; path = ChangePasssViewController.swift; sourceTree = "<group>"; };
		05B4FC041EE71B2100E68BD4 /* Dowloader.swift */ = {isa = PBXFileReference; fileEncoding = 4; lastKnownFileType = sourcecode.swift; path = Dowloader.swift; sourceTree = "<group>"; };
		05B4FC061EE71B3C00E68BD4 /* ForgotViewController.swift */ = {isa = PBXFileReference; fileEncoding = 4; lastKnownFileType = sourcecode.swift; path = ForgotViewController.swift; sourceTree = "<group>"; };
		05B4FC0A1EE72F6800E68BD4 /* UserProfileViewController.swift */ = {isa = PBXFileReference; fileEncoding = 4; lastKnownFileType = sourcecode.swift; path = UserProfileViewController.swift; sourceTree = "<group>"; };
		05B4FC0C1EE72FB400E68BD4 /* Acount.swift */ = {isa = PBXFileReference; fileEncoding = 4; lastKnownFileType = sourcecode.swift; path = Acount.swift; sourceTree = "<group>"; };
		05B4FC0E1EE7B7F000E68BD4 /* CustomTabBarController.swift */ = {isa = PBXFileReference; fileEncoding = 4; lastKnownFileType = sourcecode.swift; path = CustomTabBarController.swift; sourceTree = "<group>"; };
		05B4FC101EE7C19E00E68BD4 /* SapChieuViewController.swift */ = {isa = PBXFileReference; fileEncoding = 4; lastKnownFileType = sourcecode.swift; path = SapChieuViewController.swift; sourceTree = "<group>"; };
		05B4FC121EE7C2BF00E68BD4 /* MovieDetail.swift */ = {isa = PBXFileReference; fileEncoding = 4; lastKnownFileType = sourcecode.swift; path = MovieDetail.swift; sourceTree = "<group>"; };
		05B4FC141EE7C6EF00E68BD4 /* Seat.swift */ = {isa = PBXFileReference; fileEncoding = 4; lastKnownFileType = sourcecode.swift; path = Seat.swift; sourceTree = "<group>"; };
		05B4FC161EE7C70900E68BD4 /* ShowTime.swift */ = {isa = PBXFileReference; fileEncoding = 4; lastKnownFileType = sourcecode.swift; path = ShowTime.swift; sourceTree = "<group>"; };
		05B4FC181EE7C71200E68BD4 /* ShowTimeInfo.swift */ = {isa = PBXFileReference; fileEncoding = 4; lastKnownFileType = sourcecode.swift; path = ShowTimeInfo.swift; sourceTree = "<group>"; };
		05B4FC1C1EE7C8A300E68BD4 /* FilmInfo.swift */ = {isa = PBXFileReference; fileEncoding = 4; lastKnownFileType = sourcecode.swift; path = FilmInfo.swift; sourceTree = "<group>"; };
		05B4FC1E1EE7C8CD00E68BD4 /* DesignTableViewCell.swift */ = {isa = PBXFileReference; fileEncoding = 4; lastKnownFileType = sourcecode.swift; path = DesignTableViewCell.swift; sourceTree = "<group>"; };
		05B4FC1F1EE7C8CD00E68BD4 /* DesignTableViewCell.xib */ = {isa = PBXFileReference; fileEncoding = 4; lastKnownFileType = file.xib; path = DesignTableViewCell.xib; sourceTree = "<group>"; };
		05B4FC221EE7CA5800E68BD4 /* LoginTextField.swift */ = {isa = PBXFileReference; fileEncoding = 4; lastKnownFileType = sourcecode.swift; path = LoginTextField.swift; sourceTree = "<group>"; };
		05B4FC241EE7CE4000E68BD4 /* Info.plist */ = {isa = PBXFileReference; fileEncoding = 4; lastKnownFileType = text.plist.xml; path = Info.plist; sourceTree = "<group>"; };
		05B4FC261EE7DC8000E68BD4 /* GoogleService-Info.plist */ = {isa = PBXFileReference; fileEncoding = 4; lastKnownFileType = text.plist.xml; path = "GoogleService-Info.plist"; sourceTree = "<group>"; };
		25B23F4955EB62218B76107C /* Pods_G04_Mock_Project_Cinema.framework */ = {isa = PBXFileReference; explicitFileType = wrapper.framework; includeInIndex = 0; path = Pods_G04_Mock_Project_Cinema.framework; sourceTree = BUILT_PRODUCTS_DIR; };
		3A1D1B9D12CFD8F8F0BE85BE /* Pods-G04_Mock_Project_CinemaUITests.debug.xcconfig */ = {isa = PBXFileReference; includeInIndex = 1; lastKnownFileType = text.xcconfig; name = "Pods-G04_Mock_Project_CinemaUITests.debug.xcconfig"; path = "Pods/Target Support Files/Pods-G04_Mock_Project_CinemaUITests/Pods-G04_Mock_Project_CinemaUITests.debug.xcconfig"; sourceTree = "<group>"; };
		3CF1EE960E72564650328699 /* Pods-G04_Mock_Project_CinemaTests.release.xcconfig */ = {isa = PBXFileReference; includeInIndex = 1; lastKnownFileType = text.xcconfig; name = "Pods-G04_Mock_Project_CinemaTests.release.xcconfig"; path = "Pods/Target Support Files/Pods-G04_Mock_Project_CinemaTests/Pods-G04_Mock_Project_CinemaTests.release.xcconfig"; sourceTree = "<group>"; };
		59180827212DFEF1201FB5C6 /* Pods-G04_Mock_Project_CinemaUITests.release.xcconfig */ = {isa = PBXFileReference; includeInIndex = 1; lastKnownFileType = text.xcconfig; name = "Pods-G04_Mock_Project_CinemaUITests.release.xcconfig"; path = "Pods/Target Support Files/Pods-G04_Mock_Project_CinemaUITests/Pods-G04_Mock_Project_CinemaUITests.release.xcconfig"; sourceTree = "<group>"; };
		B4980776C4CFDBE78E3B5AFF /* Pods-G04_Mock_Project_Cinema.release.xcconfig */ = {isa = PBXFileReference; includeInIndex = 1; lastKnownFileType = text.xcconfig; name = "Pods-G04_Mock_Project_Cinema.release.xcconfig"; path = "Pods/Target Support Files/Pods-G04_Mock_Project_Cinema/Pods-G04_Mock_Project_Cinema.release.xcconfig"; sourceTree = "<group>"; };
		B6D1EE399164995CED911990 /* Pods-G04_Mock_Project_CinemaTests.debug.xcconfig */ = {isa = PBXFileReference; includeInIndex = 1; lastKnownFileType = text.xcconfig; name = "Pods-G04_Mock_Project_CinemaTests.debug.xcconfig"; path = "Pods/Target Support Files/Pods-G04_Mock_Project_CinemaTests/Pods-G04_Mock_Project_CinemaTests.debug.xcconfig"; sourceTree = "<group>"; };
		BAA041DF930991957DF77983 /* Pods_G04_Mock_Project_CinemaTests.framework */ = {isa = PBXFileReference; explicitFileType = wrapper.framework; includeInIndex = 0; path = Pods_G04_Mock_Project_CinemaTests.framework; sourceTree = BUILT_PRODUCTS_DIR; };
		DDF90929A8D489ED500E3A55 /* Pods-G04_Mock_Project_Cinema.debug.xcconfig */ = {isa = PBXFileReference; includeInIndex = 1; lastKnownFileType = text.xcconfig; name = "Pods-G04_Mock_Project_Cinema.debug.xcconfig"; path = "Pods/Target Support Files/Pods-G04_Mock_Project_Cinema/Pods-G04_Mock_Project_Cinema.debug.xcconfig"; sourceTree = "<group>"; };
		FFEDD4D336BB119696FC9754 /* Pods_G04_Mock_Project_CinemaUITests.framework */ = {isa = PBXFileReference; explicitFileType = wrapper.framework; includeInIndex = 0; path = Pods_G04_Mock_Project_CinemaUITests.framework; sourceTree = BUILT_PRODUCTS_DIR; };
/* End PBXFileReference section */

/* Begin PBXFrameworksBuildPhase section */
		054636D31EE70FAB00947845 /* Frameworks */ = {
			isa = PBXFrameworksBuildPhase;
			buildActionMask = 2147483647;
			files = (
				19439E197AFEF11C2B1E570F /* Pods_G04_Mock_Project_Cinema.framework in Frameworks */,
			);
			runOnlyForDeploymentPostprocessing = 0;
		};
		054636E71EE70FAC00947845 /* Frameworks */ = {
			isa = PBXFrameworksBuildPhase;
			buildActionMask = 2147483647;
			files = (
				19EB39EA6B69BA3A6157464B /* Pods_G04_Mock_Project_CinemaTests.framework in Frameworks */,
			);
			runOnlyForDeploymentPostprocessing = 0;
		};
		054636F21EE70FAC00947845 /* Frameworks */ = {
			isa = PBXFrameworksBuildPhase;
			buildActionMask = 2147483647;
			files = (
				BF1E83F45A388DA92C5212BD /* Pods_G04_Mock_Project_CinemaUITests.framework in Frameworks */,
			);
			runOnlyForDeploymentPostprocessing = 0;
		};
/* End PBXFrameworksBuildPhase section */

/* Begin PBXGroup section */
		054636CD1EE70FAB00947845 = {
			isa = PBXGroup;
			children = (
				054636D81EE70FAB00947845 /* G04_Mock_Project_Cinema */,
				054636ED1EE70FAC00947845 /* G04_Mock_Project_CinemaTests */,
				054636F81EE70FAC00947845 /* G04_Mock_Project_CinemaUITests */,
				054636D71EE70FAB00947845 /* Products */,
				0927088CD04B367D997395F0 /* Pods */,
				FDA6E7A84993BD32D4918CAF /* Frameworks */,
			);
			sourceTree = "<group>";
		};
		054636D71EE70FAB00947845 /* Products */ = {
			isa = PBXGroup;
			children = (
				054636D61EE70FAB00947845 /* G04_Mock_Project_Cinema.app */,
				054636EA1EE70FAC00947845 /* G04_Mock_Project_CinemaTests.xctest */,
				054636F51EE70FAC00947845 /* G04_Mock_Project_CinemaUITests.xctest */,
			);
			name = Products;
			sourceTree = "<group>";
		};
		054636D81EE70FAB00947845 /* G04_Mock_Project_Cinema */ = {
			isa = PBXGroup;
			children = (
				05B4FBFF1EE7194D00E68BD4 /* Utilities */,
				0546370B1EE711CC00947845 /* View */,
				0546370A1EE711B200947845 /* Controller */,
				054637091EE711A700947845 /* Model */,
				054636D91EE70FAB00947845 /* AppDelegate.swift */,
				054636DD1EE70FAB00947845 /* Main.storyboard */,
				054636E01EE70FAB00947845 /* Assets.xcassets */,
				054636E21EE70FAB00947845 /* LaunchScreen.storyboard */,
				05B4FC261EE7DC8000E68BD4 /* GoogleService-Info.plist */,
				05B4FC241EE7CE4000E68BD4 /* Info.plist */,
			);
			path = G04_Mock_Project_Cinema;
			sourceTree = "<group>";
		};
		054636ED1EE70FAC00947845 /* G04_Mock_Project_CinemaTests */ = {
			isa = PBXGroup;
			children = (
				054636EE1EE70FAC00947845 /* G04_Mock_Project_CinemaTests.swift */,
				054636F01EE70FAC00947845 /* Info.plist */,
			);
			path = G04_Mock_Project_CinemaTests;
			sourceTree = "<group>";
		};
		054636F81EE70FAC00947845 /* G04_Mock_Project_CinemaUITests */ = {
			isa = PBXGroup;
			children = (
				054636F91EE70FAC00947845 /* G04_Mock_Project_CinemaUITests.swift */,
				054636FB1EE70FAC00947845 /* Info.plist */,
			);
			path = G04_Mock_Project_CinemaUITests;
			sourceTree = "<group>";
		};
		054637091EE711A700947845 /* Model */ = {
			isa = PBXGroup;
			children = (
				0546370E1EE7121E00947845 /* UserProfile.swift */,
				05B4FC1C1EE7C8A300E68BD4 /* FilmInfo.swift */,
				05B4FC141EE7C6EF00E68BD4 /* Seat.swift */,
				05B4FC181EE7C71200E68BD4 /* ShowTimeInfo.swift */,
				05B4FC161EE7C70900E68BD4 /* ShowTime.swift */,
				05B4FC0C1EE72FB400E68BD4 /* Acount.swift */,
				05B4FC121EE7C2BF00E68BD4 /* MovieDetail.swift */,
			);
			name = Model;
			sourceTree = "<group>";
		};
		0546370A1EE711B200947845 /* Controller */ = {
			isa = PBXGroup;
			children = (
				05B4FC021EE71B0E00E68BD4 /* ChangePasssViewController.swift */,
				05B4FC061EE71B3C00E68BD4 /* ForgotViewController.swift */,
				058A8F331EE81AD900FF1418 /* ViewController.swift */,
				054637121EE7124900947845 /* RegisterViewController.swift */,
				054637101EE7122F00947845 /* LoginViewController.swift */,
				05B4FC0A1EE72F6800E68BD4 /* UserProfileViewController.swift */,
				05B4FC101EE7C19E00E68BD4 /* SapChieuViewController.swift */,
				058A8F351EE830B400FF1418 /* TableViewController.swift */,
			);
			name = Controller;
			sourceTree = "<group>";
		};
		0546370B1EE711CC00947845 /* View */ = {
			isa = PBXGroup;
			children = (
				05B4FC1E1EE7C8CD00E68BD4 /* DesignTableViewCell.swift */,
				05B4FC221EE7CA5800E68BD4 /* LoginTextField.swift */,
				05B4FC1F1EE7C8CD00E68BD4 /* DesignTableViewCell.xib */,
				05B4FC0E1EE7B7F000E68BD4 /* CustomTabBarController.swift */,
			);
			name = View;
			sourceTree = "<group>";
		};
		05B4FBFF1EE7194D00E68BD4 /* Utilities */ = {
			isa = PBXGroup;
			children = (
				05B4FC041EE71B2100E68BD4 /* Dowloader.swift */,
				05B4FC001EE7199C00E68BD4 /* Validate.swift */,
			);
			name = Utilities;
			sourceTree = "<group>";
		};
		0927088CD04B367D997395F0 /* Pods */ = {
			isa = PBXGroup;
			children = (
				DDF90929A8D489ED500E3A55 /* Pods-G04_Mock_Project_Cinema.debug.xcconfig */,
				B4980776C4CFDBE78E3B5AFF /* Pods-G04_Mock_Project_Cinema.release.xcconfig */,
				B6D1EE399164995CED911990 /* Pods-G04_Mock_Project_CinemaTests.debug.xcconfig */,
				3CF1EE960E72564650328699 /* Pods-G04_Mock_Project_CinemaTests.release.xcconfig */,
				3A1D1B9D12CFD8F8F0BE85BE /* Pods-G04_Mock_Project_CinemaUITests.debug.xcconfig */,
				59180827212DFEF1201FB5C6 /* Pods-G04_Mock_Project_CinemaUITests.release.xcconfig */,
			);
			name = Pods;
			sourceTree = "<group>";
		};
		FDA6E7A84993BD32D4918CAF /* Frameworks */ = {
			isa = PBXGroup;
			children = (
				25B23F4955EB62218B76107C /* Pods_G04_Mock_Project_Cinema.framework */,
				BAA041DF930991957DF77983 /* Pods_G04_Mock_Project_CinemaTests.framework */,
				FFEDD4D336BB119696FC9754 /* Pods_G04_Mock_Project_CinemaUITests.framework */,
			);
			name = Frameworks;
			sourceTree = "<group>";
		};
/* End PBXGroup section */

/* Begin PBXNativeTarget section */
		054636D51EE70FAB00947845 /* G04_Mock_Project_Cinema */ = {
			isa = PBXNativeTarget;
			buildConfigurationList = 054636FE1EE70FAC00947845 /* Build configuration list for PBXNativeTarget "G04_Mock_Project_Cinema" */;
			buildPhases = (
				3B2198DA683B0E1270A60934 /* [CP] Check Pods Manifest.lock */,
				054636D21EE70FAB00947845 /* Sources */,
				054636D31EE70FAB00947845 /* Frameworks */,
				054636D41EE70FAB00947845 /* Resources */,
				5810357CEBE3E43806707638 /* [CP] Embed Pods Frameworks */,
				AD220433349B324830FC8EBB /* [CP] Copy Pods Resources */,
			);
			buildRules = (
			);
			dependencies = (
			);
			name = G04_Mock_Project_Cinema;
			productName = G04_Mock_Project_Cinema;
			productReference = 054636D61EE70FAB00947845 /* G04_Mock_Project_Cinema.app */;
			productType = "com.apple.product-type.application";
		};
		054636E91EE70FAC00947845 /* G04_Mock_Project_CinemaTests */ = {
			isa = PBXNativeTarget;
			buildConfigurationList = 054637011EE70FAC00947845 /* Build configuration list for PBXNativeTarget "G04_Mock_Project_CinemaTests" */;
			buildPhases = (
				2B9098F538C99C2A2494D35A /* [CP] Check Pods Manifest.lock */,
				054636E61EE70FAC00947845 /* Sources */,
				054636E71EE70FAC00947845 /* Frameworks */,
				054636E81EE70FAC00947845 /* Resources */,
				95800BE6D5E8AD20DC785E66 /* [CP] Embed Pods Frameworks */,
				336DD491CED439224FBDE313 /* [CP] Copy Pods Resources */,
			);
			buildRules = (
			);
			dependencies = (
				054636EC1EE70FAC00947845 /* PBXTargetDependency */,
			);
			name = G04_Mock_Project_CinemaTests;
			productName = G04_Mock_Project_CinemaTests;
			productReference = 054636EA1EE70FAC00947845 /* G04_Mock_Project_CinemaTests.xctest */;
			productType = "com.apple.product-type.bundle.unit-test";
		};
		054636F41EE70FAC00947845 /* G04_Mock_Project_CinemaUITests */ = {
			isa = PBXNativeTarget;
			buildConfigurationList = 054637041EE70FAC00947845 /* Build configuration list for PBXNativeTarget "G04_Mock_Project_CinemaUITests" */;
			buildPhases = (
				276D3A373EBE483F62042744 /* [CP] Check Pods Manifest.lock */,
				054636F11EE70FAC00947845 /* Sources */,
				054636F21EE70FAC00947845 /* Frameworks */,
				054636F31EE70FAC00947845 /* Resources */,
				405A1F12C1522D0E0A2EC64C /* [CP] Embed Pods Frameworks */,
				E1A3252182C0D22C41795F8E /* [CP] Copy Pods Resources */,
			);
			buildRules = (
			);
			dependencies = (
				054636F71EE70FAC00947845 /* PBXTargetDependency */,
			);
			name = G04_Mock_Project_CinemaUITests;
			productName = G04_Mock_Project_CinemaUITests;
			productReference = 054636F51EE70FAC00947845 /* G04_Mock_Project_CinemaUITests.xctest */;
			productType = "com.apple.product-type.bundle.ui-testing";
		};
/* End PBXNativeTarget section */

/* Begin PBXProject section */
		054636CE1EE70FAB00947845 /* Project object */ = {
			isa = PBXProject;
			attributes = {
				LastSwiftUpdateCheck = 0830;
				LastUpgradeCheck = 0830;
				ORGANIZATIONNAME = HCMUTE;
				TargetAttributes = {
					054636D51EE70FAB00947845 = {
						CreatedOnToolsVersion = 8.3.2;
						ProvisioningStyle = Automatic;
					};
					054636E91EE70FAC00947845 = {
						CreatedOnToolsVersion = 8.3.2;
						ProvisioningStyle = Automatic;
						TestTargetID = 054636D51EE70FAB00947845;
					};
					054636F41EE70FAC00947845 = {
						CreatedOnToolsVersion = 8.3.2;
						ProvisioningStyle = Automatic;
						TestTargetID = 054636D51EE70FAB00947845;
					};
				};
			};
			buildConfigurationList = 054636D11EE70FAB00947845 /* Build configuration list for PBXProject "G04_Mock_Project_Cinema" */;
			compatibilityVersion = "Xcode 3.2";
			developmentRegion = English;
			hasScannedForEncodings = 0;
			knownRegions = (
				en,
				Base,
			);
			mainGroup = 054636CD1EE70FAB00947845;
			productRefGroup = 054636D71EE70FAB00947845 /* Products */;
			projectDirPath = "";
			projectRoot = "";
			targets = (
				054636D51EE70FAB00947845 /* G04_Mock_Project_Cinema */,
				054636E91EE70FAC00947845 /* G04_Mock_Project_CinemaTests */,
				054636F41EE70FAC00947845 /* G04_Mock_Project_CinemaUITests */,
			);
		};
/* End PBXProject section */

/* Begin PBXResourcesBuildPhase section */
		054636D41EE70FAB00947845 /* Resources */ = {
			isa = PBXResourcesBuildPhase;
			buildActionMask = 2147483647;
			files = (
				054636E41EE70FAB00947845 /* LaunchScreen.storyboard in Resources */,
				05B4FC251EE7CE4000E68BD4 /* Info.plist in Resources */,
				054636E11EE70FAB00947845 /* Assets.xcassets in Resources */,
				054636DF1EE70FAB00947845 /* Main.storyboard in Resources */,
				05B4FC211EE7C8CD00E68BD4 /* DesignTableViewCell.xib in Resources */,
				05B4FC271EE7DC8000E68BD4 /* GoogleService-Info.plist in Resources */,
			);
			runOnlyForDeploymentPostprocessing = 0;
		};
		054636E81EE70FAC00947845 /* Resources */ = {
			isa = PBXResourcesBuildPhase;
			buildActionMask = 2147483647;
			files = (
			);
			runOnlyForDeploymentPostprocessing = 0;
		};
		054636F31EE70FAC00947845 /* Resources */ = {
			isa = PBXResourcesBuildPhase;
			buildActionMask = 2147483647;
			files = (
			);
			runOnlyForDeploymentPostprocessing = 0;
		};
/* End PBXResourcesBuildPhase section */

/* Begin PBXShellScriptBuildPhase section */
		276D3A373EBE483F62042744 /* [CP] Check Pods Manifest.lock */ = {
			isa = PBXShellScriptBuildPhase;
			buildActionMask = 2147483647;
			files = (
			);
			inputPaths = (
			);
			name = "[CP] Check Pods Manifest.lock";
			outputPaths = (
			);
			runOnlyForDeploymentPostprocessing = 0;
			shellPath = /bin/sh;
			shellScript = "diff \"${PODS_PODFILE_DIR_PATH}/Podfile.lock\" \"${PODS_ROOT}/Manifest.lock\" > /dev/null\nif [ $? != 0 ] ; then\n    # print error to STDERR\n    echo \"error: The sandbox is not in sync with the Podfile.lock. Run 'pod install' or update your CocoaPods installation.\" >&2\n    exit 1\nfi\n";
			showEnvVarsInLog = 0;
		};
		2B9098F538C99C2A2494D35A /* [CP] Check Pods Manifest.lock */ = {
			isa = PBXShellScriptBuildPhase;
			buildActionMask = 2147483647;
			files = (
			);
			inputPaths = (
			);
			name = "[CP] Check Pods Manifest.lock";
			outputPaths = (
			);
			runOnlyForDeploymentPostprocessing = 0;
			shellPath = /bin/sh;
			shellScript = "diff \"${PODS_PODFILE_DIR_PATH}/Podfile.lock\" \"${PODS_ROOT}/Manifest.lock\" > /dev/null\nif [ $? != 0 ] ; then\n    # print error to STDERR\n    echo \"error: The sandbox is not in sync with the Podfile.lock. Run 'pod install' or update your CocoaPods installation.\" >&2\n    exit 1\nfi\n";
			showEnvVarsInLog = 0;
		};
		336DD491CED439224FBDE313 /* [CP] Copy Pods Resources */ = {
			isa = PBXShellScriptBuildPhase;
			buildActionMask = 2147483647;
			files = (
			);
			inputPaths = (
			);
			name = "[CP] Copy Pods Resources";
			outputPaths = (
			);
			runOnlyForDeploymentPostprocessing = 0;
			shellPath = /bin/sh;
			shellScript = "\"${SRCROOT}/Pods/Target Support Files/Pods-G04_Mock_Project_CinemaTests/Pods-G04_Mock_Project_CinemaTests-resources.sh\"\n";
			showEnvVarsInLog = 0;
		};
		3B2198DA683B0E1270A60934 /* [CP] Check Pods Manifest.lock */ = {
			isa = PBXShellScriptBuildPhase;
			buildActionMask = 2147483647;
			files = (
			);
			inputPaths = (
			);
			name = "[CP] Check Pods Manifest.lock";
			outputPaths = (
			);
			runOnlyForDeploymentPostprocessing = 0;
			shellPath = /bin/sh;
			shellScript = "diff \"${PODS_PODFILE_DIR_PATH}/Podfile.lock\" \"${PODS_ROOT}/Manifest.lock\" > /dev/null\nif [ $? != 0 ] ; then\n    # print error to STDERR\n    echo \"error: The sandbox is not in sync with the Podfile.lock. Run 'pod install' or update your CocoaPods installation.\" >&2\n    exit 1\nfi\n";
			showEnvVarsInLog = 0;
		};
		405A1F12C1522D0E0A2EC64C /* [CP] Embed Pods Frameworks */ = {
			isa = PBXShellScriptBuildPhase;
			buildActionMask = 2147483647;
			files = (
			);
			inputPaths = (
			);
			name = "[CP] Embed Pods Frameworks";
			outputPaths = (
			);
			runOnlyForDeploymentPostprocessing = 0;
			shellPath = /bin/sh;
			shellScript = "\"${SRCROOT}/Pods/Target Support Files/Pods-G04_Mock_Project_CinemaUITests/Pods-G04_Mock_Project_CinemaUITests-frameworks.sh\"\n";
			showEnvVarsInLog = 0;
		};
		5810357CEBE3E43806707638 /* [CP] Embed Pods Frameworks */ = {
			isa = PBXShellScriptBuildPhase;
			buildActionMask = 2147483647;
			files = (
			);
			inputPaths = (
			);
			name = "[CP] Embed Pods Frameworks";
			outputPaths = (
			);
			runOnlyForDeploymentPostprocessing = 0;
			shellPath = /bin/sh;
			shellScript = "\"${SRCROOT}/Pods/Target Support Files/Pods-G04_Mock_Project_Cinema/Pods-G04_Mock_Project_Cinema-frameworks.sh\"\n";
			showEnvVarsInLog = 0;
		};
		95800BE6D5E8AD20DC785E66 /* [CP] Embed Pods Frameworks */ = {
			isa = PBXShellScriptBuildPhase;
			buildActionMask = 2147483647;
			files = (
			);
			inputPaths = (
			);
			name = "[CP] Embed Pods Frameworks";
			outputPaths = (
			);
			runOnlyForDeploymentPostprocessing = 0;
			shellPath = /bin/sh;
			shellScript = "\"${SRCROOT}/Pods/Target Support Files/Pods-G04_Mock_Project_CinemaTests/Pods-G04_Mock_Project_CinemaTests-frameworks.sh\"\n";
			showEnvVarsInLog = 0;
		};
		AD220433349B324830FC8EBB /* [CP] Copy Pods Resources */ = {
			isa = PBXShellScriptBuildPhase;
			buildActionMask = 2147483647;
			files = (
			);
			inputPaths = (
			);
			name = "[CP] Copy Pods Resources";
			outputPaths = (
			);
			runOnlyForDeploymentPostprocessing = 0;
			shellPath = /bin/sh;
			shellScript = "\"${SRCROOT}/Pods/Target Support Files/Pods-G04_Mock_Project_Cinema/Pods-G04_Mock_Project_Cinema-resources.sh\"\n";
			showEnvVarsInLog = 0;
		};
		E1A3252182C0D22C41795F8E /* [CP] Copy Pods Resources */ = {
			isa = PBXShellScriptBuildPhase;
			buildActionMask = 2147483647;
			files = (
			);
			inputPaths = (
			);
			name = "[CP] Copy Pods Resources";
			outputPaths = (
			);
			runOnlyForDeploymentPostprocessing = 0;
			shellPath = /bin/sh;
			shellScript = "\"${SRCROOT}/Pods/Target Support Files/Pods-G04_Mock_Project_CinemaUITests/Pods-G04_Mock_Project_CinemaUITests-resources.sh\"\n";
			showEnvVarsInLog = 0;
		};
/* End PBXShellScriptBuildPhase section */

/* Begin PBXSourcesBuildPhase section */
		054636D21EE70FAB00947845 /* Sources */ = {
			isa = PBXSourcesBuildPhase;
			buildActionMask = 2147483647;
			files = (
				0546370F1EE7121E00947845 /* UserProfile.swift in Sources */,
				05B4FC131EE7C2C000E68BD4 /* MovieDetail.swift in Sources */,
				05B4FC111EE7C19E00E68BD4 /* SapChieuViewController.swift in Sources */,
				05B4FC031EE71B0E00E68BD4 /* ChangePasssViewController.swift in Sources */,
				05B4FC0F1EE7B7F000E68BD4 /* CustomTabBarController.swift in Sources */,
				05B4FC071EE71B3C00E68BD4 /* ForgotViewController.swift in Sources */,
				05B4FC1D1EE7C8A300E68BD4 /* FilmInfo.swift in Sources */,
				05B4FC011EE7199C00E68BD4 /* Validate.swift in Sources */,
				05B4FC231EE7CA5800E68BD4 /* LoginTextField.swift in Sources */,
				05B4FC151EE7C6EF00E68BD4 /* Seat.swift in Sources */,
				05B4FC191EE7C71200E68BD4 /* ShowTimeInfo.swift in Sources */,
				05B4FC171EE7C70900E68BD4 /* ShowTime.swift in Sources */,
				05B4FC201EE7C8CD00E68BD4 /* DesignTableViewCell.swift in Sources */,
				054637131EE7124900947845 /* RegisterViewController.swift in Sources */,
				054637111EE7122F00947845 /* LoginViewController.swift in Sources */,
				05B4FC051EE71B2100E68BD4 /* Dowloader.swift in Sources */,
				058A8F361EE830B400FF1418 /* TableViewController.swift in Sources */,
				05B4FC0D1EE72FB400E68BD4 /* Acount.swift in Sources */,
				058A8F341EE81AD900FF1418 /* ViewController.swift in Sources */,
				05B4FC0B1EE72F6800E68BD4 /* UserProfileViewController.swift in Sources */,
				054636DA1EE70FAB00947845 /* AppDelegate.swift in Sources */,
			);
			runOnlyForDeploymentPostprocessing = 0;
		};
		054636E61EE70FAC00947845 /* Sources */ = {
			isa = PBXSourcesBuildPhase;
			buildActionMask = 2147483647;
			files = (
				054636EF1EE70FAC00947845 /* G04_Mock_Project_CinemaTests.swift in Sources */,
			);
			runOnlyForDeploymentPostprocessing = 0;
		};
		054636F11EE70FAC00947845 /* Sources */ = {
			isa = PBXSourcesBuildPhase;
			buildActionMask = 2147483647;
			files = (
				054636FA1EE70FAC00947845 /* G04_Mock_Project_CinemaUITests.swift in Sources */,
			);
			runOnlyForDeploymentPostprocessing = 0;
		};
/* End PBXSourcesBuildPhase section */

/* Begin PBXTargetDependency section */
		054636EC1EE70FAC00947845 /* PBXTargetDependency */ = {
			isa = PBXTargetDependency;
			target = 054636D51EE70FAB00947845 /* G04_Mock_Project_Cinema */;
			targetProxy = 054636EB1EE70FAC00947845 /* PBXContainerItemProxy */;
		};
		054636F71EE70FAC00947845 /* PBXTargetDependency */ = {
			isa = PBXTargetDependency;
			target = 054636D51EE70FAB00947845 /* G04_Mock_Project_Cinema */;
			targetProxy = 054636F61EE70FAC00947845 /* PBXContainerItemProxy */;
		};
/* End PBXTargetDependency section */

/* Begin PBXVariantGroup section */
		054636DD1EE70FAB00947845 /* Main.storyboard */ = {
			isa = PBXVariantGroup;
			children = (
				054636DE1EE70FAB00947845 /* Base */,
			);
			name = Main.storyboard;
			sourceTree = "<group>";
		};
		054636E21EE70FAB00947845 /* LaunchScreen.storyboard */ = {
			isa = PBXVariantGroup;
			children = (
				054636E31EE70FAB00947845 /* Base */,
			);
			name = LaunchScreen.storyboard;
			sourceTree = "<group>";
		};
/* End PBXVariantGroup section */

/* Begin XCBuildConfiguration section */
		054636FC1EE70FAC00947845 /* Debug */ = {
			isa = XCBuildConfiguration;
			buildSettings = {
				ALWAYS_SEARCH_USER_PATHS = NO;
				CLANG_ANALYZER_NONNULL = YES;
				CLANG_ANALYZER_NUMBER_OBJECT_CONVERSION = YES_AGGRESSIVE;
				CLANG_CXX_LANGUAGE_STANDARD = "gnu++0x";
				CLANG_CXX_LIBRARY = "libc++";
				CLANG_ENABLE_MODULES = YES;
				CLANG_ENABLE_OBJC_ARC = YES;
				CLANG_WARN_BOOL_CONVERSION = YES;
				CLANG_WARN_CONSTANT_CONVERSION = YES;
				CLANG_WARN_DIRECT_OBJC_ISA_USAGE = YES_ERROR;
				CLANG_WARN_DOCUMENTATION_COMMENTS = YES;
				CLANG_WARN_EMPTY_BODY = YES;
				CLANG_WARN_ENUM_CONVERSION = YES;
				CLANG_WARN_INFINITE_RECURSION = YES;
				CLANG_WARN_INT_CONVERSION = YES;
				CLANG_WARN_OBJC_ROOT_CLASS = YES_ERROR;
				CLANG_WARN_SUSPICIOUS_MOVE = YES;
				CLANG_WARN_UNREACHABLE_CODE = YES;
				CLANG_WARN__DUPLICATE_METHOD_MATCH = YES;
				"CODE_SIGN_IDENTITY[sdk=iphoneos*]" = "iPhone Developer";
				COPY_PHASE_STRIP = NO;
				DEBUG_INFORMATION_FORMAT = dwarf;
				ENABLE_STRICT_OBJC_MSGSEND = YES;
				ENABLE_TESTABILITY = YES;
				GCC_C_LANGUAGE_STANDARD = gnu99;
				GCC_DYNAMIC_NO_PIC = NO;
				GCC_NO_COMMON_BLOCKS = YES;
				GCC_OPTIMIZATION_LEVEL = 0;
				GCC_PREPROCESSOR_DEFINITIONS = (
					"DEBUG=1",
					"$(inherited)",
				);
				GCC_WARN_64_TO_32_BIT_CONVERSION = YES;
				GCC_WARN_ABOUT_RETURN_TYPE = YES_ERROR;
				GCC_WARN_UNDECLARED_SELECTOR = YES;
				GCC_WARN_UNINITIALIZED_AUTOS = YES_AGGRESSIVE;
				GCC_WARN_UNUSED_FUNCTION = YES;
				GCC_WARN_UNUSED_VARIABLE = YES;
				IPHONEOS_DEPLOYMENT_TARGET = 10.3;
				MTL_ENABLE_DEBUG_INFO = YES;
				ONLY_ACTIVE_ARCH = YES;
				SDKROOT = iphoneos;
				SWIFT_ACTIVE_COMPILATION_CONDITIONS = DEBUG;
				SWIFT_OPTIMIZATION_LEVEL = "-Onone";
				TARGETED_DEVICE_FAMILY = "1,2";
			};
			name = Debug;
		};
		054636FD1EE70FAC00947845 /* Release */ = {
			isa = XCBuildConfiguration;
			buildSettings = {
				ALWAYS_SEARCH_USER_PATHS = NO;
				CLANG_ANALYZER_NONNULL = YES;
				CLANG_ANALYZER_NUMBER_OBJECT_CONVERSION = YES_AGGRESSIVE;
				CLANG_CXX_LANGUAGE_STANDARD = "gnu++0x";
				CLANG_CXX_LIBRARY = "libc++";
				CLANG_ENABLE_MODULES = YES;
				CLANG_ENABLE_OBJC_ARC = YES;
				CLANG_WARN_BOOL_CONVERSION = YES;
				CLANG_WARN_CONSTANT_CONVERSION = YES;
				CLANG_WARN_DIRECT_OBJC_ISA_USAGE = YES_ERROR;
				CLANG_WARN_DOCUMENTATION_COMMENTS = YES;
				CLANG_WARN_EMPTY_BODY = YES;
				CLANG_WARN_ENUM_CONVERSION = YES;
				CLANG_WARN_INFINITE_RECURSION = YES;
				CLANG_WARN_INT_CONVERSION = YES;
				CLANG_WARN_OBJC_ROOT_CLASS = YES_ERROR;
				CLANG_WARN_SUSPICIOUS_MOVE = YES;
				CLANG_WARN_UNREACHABLE_CODE = YES;
				CLANG_WARN__DUPLICATE_METHOD_MATCH = YES;
				"CODE_SIGN_IDENTITY[sdk=iphoneos*]" = "iPhone Developer";
				COPY_PHASE_STRIP = NO;
				DEBUG_INFORMATION_FORMAT = "dwarf-with-dsym";
				ENABLE_NS_ASSERTIONS = NO;
				ENABLE_STRICT_OBJC_MSGSEND = YES;
				GCC_C_LANGUAGE_STANDARD = gnu99;
				GCC_NO_COMMON_BLOCKS = YES;
				GCC_WARN_64_TO_32_BIT_CONVERSION = YES;
				GCC_WARN_ABOUT_RETURN_TYPE = YES_ERROR;
				GCC_WARN_UNDECLARED_SELECTOR = YES;
				GCC_WARN_UNINITIALIZED_AUTOS = YES_AGGRESSIVE;
				GCC_WARN_UNUSED_FUNCTION = YES;
				GCC_WARN_UNUSED_VARIABLE = YES;
				IPHONEOS_DEPLOYMENT_TARGET = 10.3;
				MTL_ENABLE_DEBUG_INFO = NO;
				SDKROOT = iphoneos;
				SWIFT_OPTIMIZATION_LEVEL = "-Owholemodule";
				TARGETED_DEVICE_FAMILY = "1,2";
				VALIDATE_PRODUCT = YES;
			};
			name = Release;
		};
		054636FF1EE70FAC00947845 /* Debug */ = {
			isa = XCBuildConfiguration;
			baseConfigurationReference = DDF90929A8D489ED500E3A55 /* Pods-G04_Mock_Project_Cinema.debug.xcconfig */;
			buildSettings = {
				ASSETCATALOG_COMPILER_APPICON_NAME = AppIcon;
				INFOPLIST_FILE = G04_Mock_Project_Cinema/Info.plist;
				IPHONEOS_DEPLOYMENT_TARGET = 9.0;
				LD_RUNPATH_SEARCH_PATHS = "$(inherited) @executable_path/Frameworks";
				PRODUCT_BUNDLE_IDENTIFIER = "IT.G04-Mock-Project-Cinema";
				PRODUCT_NAME = "$(TARGET_NAME)";
				SWIFT_VERSION = 3.0;
			};
			name = Debug;
		};
		054637001EE70FAC00947845 /* Release */ = {
			isa = XCBuildConfiguration;
			baseConfigurationReference = B4980776C4CFDBE78E3B5AFF /* Pods-G04_Mock_Project_Cinema.release.xcconfig */;
			buildSettings = {
				ASSETCATALOG_COMPILER_APPICON_NAME = AppIcon;
				INFOPLIST_FILE = G04_Mock_Project_Cinema/Info.plist;
				IPHONEOS_DEPLOYMENT_TARGET = 9.0;
				LD_RUNPATH_SEARCH_PATHS = "$(inherited) @executable_path/Frameworks";
				PRODUCT_BUNDLE_IDENTIFIER = "IT.G04-Mock-Project-Cinema";
				PRODUCT_NAME = "$(TARGET_NAME)";
				SWIFT_VERSION = 3.0;
			};
			name = Release;
		};
		054637021EE70FAC00947845 /* Debug */ = {
			isa = XCBuildConfiguration;
			baseConfigurationReference = B6D1EE399164995CED911990 /* Pods-G04_Mock_Project_CinemaTests.debug.xcconfig */;
			buildSettings = {
				ALWAYS_EMBED_SWIFT_STANDARD_LIBRARIES = YES;
				BUNDLE_LOADER = "$(TEST_HOST)";
				INFOPLIST_FILE = G04_Mock_Project_CinemaTests/Info.plist;
				LD_RUNPATH_SEARCH_PATHS = "$(inherited) @executable_path/Frameworks @loader_path/Frameworks";
				PRODUCT_BUNDLE_IDENTIFIER = "IT.G04-Mock-Project-CinemaTests";
				PRODUCT_NAME = "$(TARGET_NAME)";
				SWIFT_VERSION = 3.0;
				TEST_HOST = "$(BUILT_PRODUCTS_DIR)/G04_Mock_Project_Cinema.app/G04_Mock_Project_Cinema";
			};
			name = Debug;
		};
		054637031EE70FAC00947845 /* Release */ = {
			isa = XCBuildConfiguration;
			baseConfigurationReference = 3CF1EE960E72564650328699 /* Pods-G04_Mock_Project_CinemaTests.release.xcconfig */;
			buildSettings = {
				ALWAYS_EMBED_SWIFT_STANDARD_LIBRARIES = YES;
				BUNDLE_LOADER = "$(TEST_HOST)";
				INFOPLIST_FILE = G04_Mock_Project_CinemaTests/Info.plist;
				LD_RUNPATH_SEARCH_PATHS = "$(inherited) @executable_path/Frameworks @loader_path/Frameworks";
				PRODUCT_BUNDLE_IDENTIFIER = "IT.G04-Mock-Project-CinemaTests";
				PRODUCT_NAME = "$(TARGET_NAME)";
				SWIFT_VERSION = 3.0;
				TEST_HOST = "$(BUILT_PRODUCTS_DIR)/G04_Mock_Project_Cinema.app/G04_Mock_Project_Cinema";
			};
			name = Release;
		};
		054637051EE70FAC00947845 /* Debug */ = {
			isa = XCBuildConfiguration;
			baseConfigurationReference = 3A1D1B9D12CFD8F8F0BE85BE /* Pods-G04_Mock_Project_CinemaUITests.debug.xcconfig */;
			buildSettings = {
				ALWAYS_EMBED_SWIFT_STANDARD_LIBRARIES = YES;
				INFOPLIST_FILE = G04_Mock_Project_CinemaUITests/Info.plist;
				LD_RUNPATH_SEARCH_PATHS = "$(inherited) @executable_path/Frameworks @loader_path/Frameworks";
				PRODUCT_BUNDLE_IDENTIFIER = "IT.G04-Mock-Project-CinemaUITests";
				PRODUCT_NAME = "$(TARGET_NAME)";
				SWIFT_VERSION = 3.0;
				TEST_TARGET_NAME = G04_Mock_Project_Cinema;
			};
			name = Debug;
		};
		054637061EE70FAC00947845 /* Release */ = {
			isa = XCBuildConfiguration;
			baseConfigurationReference = 59180827212DFEF1201FB5C6 /* Pods-G04_Mock_Project_CinemaUITests.release.xcconfig */;
			buildSettings = {
				ALWAYS_EMBED_SWIFT_STANDARD_LIBRARIES = YES;
				INFOPLIST_FILE = G04_Mock_Project_CinemaUITests/Info.plist;
				LD_RUNPATH_SEARCH_PATHS = "$(inherited) @executable_path/Frameworks @loader_path/Frameworks";
				PRODUCT_BUNDLE_IDENTIFIER = "IT.G04-Mock-Project-CinemaUITests";
				PRODUCT_NAME = "$(TARGET_NAME)";
				SWIFT_VERSION = 3.0;
				TEST_TARGET_NAME = G04_Mock_Project_Cinema;
			};
			name = Release;
		};
/* End XCBuildConfiguration section */

/* Begin XCConfigurationList section */
		054636D11EE70FAB00947845 /* Build configuration list for PBXProject "G04_Mock_Project_Cinema" */ = {
			isa = XCConfigurationList;
			buildConfigurations = (
				054636FC1EE70FAC00947845 /* Debug */,
				054636FD1EE70FAC00947845 /* Release */,
			);
			defaultConfigurationIsVisible = 0;
			defaultConfigurationName = Release;
		};
		054636FE1EE70FAC00947845 /* Build configuration list for PBXNativeTarget "G04_Mock_Project_Cinema" */ = {
			isa = XCConfigurationList;
			buildConfigurations = (
				054636FF1EE70FAC00947845 /* Debug */,
				054637001EE70FAC00947845 /* Release */,
			);
			defaultConfigurationIsVisible = 0;
			defaultConfigurationName = Release;
		};
		054637011EE70FAC00947845 /* Build configuration list for PBXNativeTarget "G04_Mock_Project_CinemaTests" */ = {
			isa = XCConfigurationList;
			buildConfigurations = (
				054637021EE70FAC00947845 /* Debug */,
				054637031EE70FAC00947845 /* Release */,
			);
			defaultConfigurationIsVisible = 0;
			defaultConfigurationName = Release;
		};
		054637041EE70FAC00947845 /* Build configuration list for PBXNativeTarget "G04_Mock_Project_CinemaUITests" */ = {
			isa = XCConfigurationList;
			buildConfigurations = (
				054637051EE70FAC00947845 /* Debug */,
				054637061EE70FAC00947845 /* Release */,
			);
			defaultConfigurationIsVisible = 0;
			defaultConfigurationName = Release;
		};
/* End XCConfigurationList section */
	};
	rootObject = 054636CE1EE70FAB00947845 /* Project object */;
}
