// !$*UTF8*$!
{
	archiveVersion = 1;
	classes = {
	};
	objectVersion = 46;
	objects = {

/* Begin PBXBuildFile section */
		054636DA1EE70FAB00947845 /* AppDelegate.swift in Sources */ = {isa = PBXBuildFile; fileRef = 054636D91EE70FAB00947845 /* AppDelegate.swift */; };
		054636DC1EE70FAB00947845 /* ViewController.swift in Sources */ = {isa = PBXBuildFile; fileRef = 054636DB1EE70FAB00947845 /* ViewController.swift */; };
		054636DF1EE70FAB00947845 /* Main.storyboard in Resources */ = {isa = PBXBuildFile; fileRef = 054636DD1EE70FAB00947845 /* Main.storyboard */; };
		054636E11EE70FAB00947845 /* Assets.xcassets in Resources */ = {isa = PBXBuildFile; fileRef = 054636E01EE70FAB00947845 /* Assets.xcassets */; };
		054636E41EE70FAB00947845 /* LaunchScreen.storyboard in Resources */ = {isa = PBXBuildFile; fileRef = 054636E21EE70FAB00947845 /* LaunchScreen.storyboard */; };
		054636EF1EE70FAC00947845 /* G04_Mock_Project_CinemaTests.swift in Sources */ = {isa = PBXBuildFile; fileRef = 054636EE1EE70FAC00947845 /* G04_Mock_Project_CinemaTests.swift */; };
		054636FA1EE70FAC00947845 /* G04_Mock_Project_CinemaUITests.swift in Sources */ = {isa = PBXBuildFile; fileRef = 054636F91EE70FAC00947845 /* G04_Mock_Project_CinemaUITests.swift */; };
/* End PBXBuildFile section */

/* Begin PBXContainerItemProxy section */
		054636EB1EE70FAC00947845 /* PBXContainerItemProxy */ = {
			isa = PBXContainerItemProxy;
			containerPortal = 054636CE1EE70FAB00947845 /* Project object */;
			proxyType = 1;
			remoteGlobalIDString = 054636D51EE70FAB00947845;
			remoteInfo = G04_Mock_Project_Cinema;
		};
		054636F61EE70FAC00947845 /* PBXContainerItemProxy */ = {
			isa = PBXContainerItemProxy;
			containerPortal = 054636CE1EE70FAB00947845 /* Project object */;
			proxyType = 1;
			remoteGlobalIDString = 054636D51EE70FAB00947845;
			remoteInfo = G04_Mock_Project_Cinema;
		};
/* End PBXContainerItemProxy section */

/* Begin PBXFileReference section */
		054636D61EE70FAB00947845 /* G04_Mock_Project_Cinema.app */ = {isa = PBXFileReference; explicitFileType = wrapper.application; includeInIndex = 0; path = G04_Mock_Project_Cinema.app; sourceTree = BUILT_PRODUCTS_DIR; };
		054636D91EE70FAB00947845 /* AppDelegate.swift */ = {isa = PBXFileReference; lastKnownFileType = sourcecode.swift; path = AppDelegate.swift; sourceTree = "<group>"; };
		054636DB1EE70FAB00947845 /* ViewController.swift */ = {isa = PBXFileReference; lastKnownFileType = sourcecode.swift; path = ViewController.swift; sourceTree = "<group>"; };
		054636DE1EE70FAB00947845 /* Base */ = {isa = PBXFileReference; lastKnownFileType = file.storyboard; name = Base; path = Base.lproj/Main.storyboard; sourceTree = "<group>"; };
		054636E01EE70FAB00947845 /* Assets.xcassets */ = {isa = PBXFileReference; lastKnownFileType = folder.assetcatalog; path = Assets.xcassets; sourceTree = "<group>"; };
		054636E31EE70FAB00947845 /* Base */ = {isa = PBXFileReference; lastKnownFileType = file.storyboard; name = Base; path = Base.lproj/LaunchScreen.storyboard; sourceTree = "<group>"; };
		054636E51EE70FAB00947845 /* Info.plist */ = {isa = PBXFileReference; lastKnownFileType = text.plist.xml; path = Info.plist; sourceTree = "<group>"; };
		054636EA1EE70FAC00947845 /* G04_Mock_Project_CinemaTests.xctest */ = {isa = PBXFileReference; explicitFileType = wrapper.cfbundle; includeInIndex = 0; path = G04_Mock_Project_CinemaTests.xctest; sourceTree = BUILT_PRODUCTS_DIR; };
		054636EE1EE70FAC00947845 /* G04_Mock_Project_CinemaTests.swift */ = {isa = PBXFileReference; lastKnownFileType = sourcecode.swift; path = G04_Mock_Project_CinemaTests.swift; sourceTree = "<group>"; };
		054636F01EE70FAC00947845 /* Info.plist */ = {isa = PBXFileReference; lastKnownFileType = text.plist.xml; path = Info.plist; sourceTree = "<group>"; };
		054636F51EE70FAC00947845 /* G04_Mock_Project_CinemaUITests.xctest */ = {isa = PBXFileReference; explicitFileType = wrapper.cfbundle; includeInIndex = 0; path = G04_Mock_Project_CinemaUITests.xctest; sourceTree = BUILT_PRODUCTS_DIR; };
		054636F91EE70FAC00947845 /* G04_Mock_Project_CinemaUITests.swift */ = {isa = PBXFileReference; lastKnownFileType = sourcecode.swift; path = G04_Mock_Project_CinemaUITests.swift; sourceTree = "<group>"; };
		054636FB1EE70FAC00947845 /* Info.plist */ = {isa = PBXFileReference; lastKnownFileType = text.plist.xml; path = Info.plist; sourceTree = "<group>"; };
/* End PBXFileReference section */

/* Begin PBXFrameworksBuildPhase section */
		054636D31EE70FAB00947845 /* Frameworks */ = {
			isa = PBXFrameworksBuildPhase;
			buildActionMask = 2147483647;
			files = (
			);
			runOnlyForDeploymentPostprocessing = 0;
		};
		054636E71EE70FAC00947845 /* Frameworks */ = {
			isa = PBXFrameworksBuildPhase;
			buildActionMask = 2147483647;
			files = (
			);
			runOnlyForDeploymentPostprocessing = 0;
		};
		054636F21EE70FAC00947845 /* Frameworks */ = {
			isa = PBXFrameworksBuildPhase;
			buildActionMask = 2147483647;
			files = (
			);
			runOnlyForDeploymentPostprocessing = 0;
		};
/* End PBXFrameworksBuildPhase section */

/* Begin PBXGroup section */
		054636CD1EE70FAB00947845 = {
			isa = PBXGroup;
			children = (
				054636D81EE70FAB00947845 /* G04_Mock_Project_Cinema */,
				054636ED1EE70FAC00947845 /* G04_Mock_Project_CinemaTests */,
				054636F81EE70FAC00947845 /* G04_Mock_Project_CinemaUITests */,
				054636D71EE70FAB00947845 /* Products */,
			);
			sourceTree = "<group>";
		};
		054636D71EE70FAB00947845 /* Products */ = {
			isa = PBXGroup;
			children = (
				054636D61EE70FAB00947845 /* G04_Mock_Project_Cinema.app */,
				054636EA1EE70FAC00947845 /* G04_Mock_Project_CinemaTests.xctest */,
				054636F51EE70FAC00947845 /* G04_Mock_Project_CinemaUITests.xctest */,
			);
			name = Products;
			sourceTree = "<group>";
		};
		054636D81EE70FAB00947845 /* G04_Mock_Project_Cinema */ = {
			isa = PBXGroup;
			children = (
				054636D91EE70FAB00947845 /* AppDelegate.swift */,
				054636DB1EE70FAB00947845 /* ViewController.swift */,
				054636DD1EE70FAB00947845 /* Main.storyboard */,
				054636E01EE70FAB00947845 /* Assets.xcassets */,
				054636E21EE70FAB00947845 /* LaunchScreen.storyboard */,
				054636E51EE70FAB00947845 /* Info.plist */,
			);
			path = G04_Mock_Project_Cinema;
			sourceTree = "<group>";
		};
		054636ED1EE70FAC00947845 /* G04_Mock_Project_CinemaTests */ = {
			isa = PBXGroup;
			children = (
				054636EE1EE70FAC00947845 /* G04_Mock_Project_CinemaTests.swift */,
				054636F01EE70FAC00947845 /* Info.plist */,
			);
			path = G04_Mock_Project_CinemaTests;
			sourceTree = "<group>";
		};
		054636F81EE70FAC00947845 /* G04_Mock_Project_CinemaUITests */ = {
			isa = PBXGroup;
			children = (
				054636F91EE70FAC00947845 /* G04_Mock_Project_CinemaUITests.swift */,
				054636FB1EE70FAC00947845 /* Info.plist */,
			);
			path = G04_Mock_Project_CinemaUITests;
			sourceTree = "<group>";
		};
/* End PBXGroup section */

/* Begin PBXNativeTarget section */
		054636D51EE70FAB00947845 /* G04_Mock_Project_Cinema */ = {
			isa = PBXNativeTarget;
			buildConfigurationList = 054636FE1EE70FAC00947845 /* Build configuration list for PBXNativeTarget "G04_Mock_Project_Cinema" */;
			buildPhases = (
				054636D21EE70FAB00947845 /* Sources */,
				054636D31EE70FAB00947845 /* Frameworks */,
				054636D41EE70FAB00947845 /* Resources */,
			);
			buildRules = (
			);
			dependencies = (
			);
			name = G04_Mock_Project_Cinema;
			productName = G04_Mock_Project_Cinema;
			productReference = 054636D61EE70FAB00947845 /* G04_Mock_Project_Cinema.app */;
			productType = "com.apple.product-type.application";
		};
		054636E91EE70FAC00947845 /* G04_Mock_Project_CinemaTests */ = {
			isa = PBXNativeTarget;
			buildConfigurationList = 054637011EE70FAC00947845 /* Build configuration list for PBXNativeTarget "G04_Mock_Project_CinemaTests" */;
			buildPhases = (
				054636E61EE70FAC00947845 /* Sources */,
				054636E71EE70FAC00947845 /* Frameworks */,
				054636E81EE70FAC00947845 /* Resources */,
			);
			buildRules = (
			);
			dependencies = (
				054636EC1EE70FAC00947845 /* PBXTargetDependency */,
			);
			name = G04_Mock_Project_CinemaTests;
			productName = G04_Mock_Project_CinemaTests;
			productReference = 054636EA1EE70FAC00947845 /* G04_Mock_Project_CinemaTests.xctest */;
			productType = "com.apple.product-type.bundle.unit-test";
		};
		054636F41EE70FAC00947845 /* G04_Mock_Project_CinemaUITests */ = {
			isa = PBXNativeTarget;
			buildConfigurationList = 054637041EE70FAC00947845 /* Build configuration list for PBXNativeTarget "G04_Mock_Project_CinemaUITests" */;
			buildPhases = (
				054636F11EE70FAC00947845 /* Sources */,
				054636F21EE70FAC00947845 /* Frameworks */,
				054636F31EE70FAC00947845 /* Resources */,
			);
			buildRules = (
			);
			dependencies = (
				054636F71EE70FAC00947845 /* PBXTargetDependency */,
			);
			name = G04_Mock_Project_CinemaUITests;
			productName = G04_Mock_Project_CinemaUITests;
			productReference = 054636F51EE70FAC00947845 /* G04_Mock_Project_CinemaUITests.xctest */;
			productType = "com.apple.product-type.bundle.ui-testing";
		};
/* End PBXNativeTarget section */

/* Begin PBXProject section */
		054636CE1EE70FAB00947845 /* Project object */ = {
			isa = PBXProject;
			attributes = {
				LastSwiftUpdateCheck = 0830;
				LastUpgradeCheck = 0830;
				ORGANIZATIONNAME = HCMUTE;
				TargetAttributes = {
					054636D51EE70FAB00947845 = {
						CreatedOnToolsVersion = 8.3.2;
						ProvisioningStyle = Automatic;
					};
					054636E91EE70FAC00947845 = {
						CreatedOnToolsVersion = 8.3.2;
						ProvisioningStyle = Automatic;
						TestTargetID = 054636D51EE70FAB00947845;
					};
					054636F41EE70FAC00947845 = {
						CreatedOnToolsVersion = 8.3.2;
						ProvisioningStyle = Automatic;
						TestTargetID = 054636D51EE70FAB00947845;
					};
				};
			};
			buildConfigurationList = 054636D11EE70FAB00947845 /* Build configuration list for PBXProject "G04_Mock_Project_Cinema" */;
			compatibilityVersion = "Xcode 3.2";
			developmentRegion = English;
			hasScannedForEncodings = 0;
			knownRegions = (
				en,
				Base,
			);
			mainGroup = 054636CD1EE70FAB00947845;
			productRefGroup = 054636D71EE70FAB00947845 /* Products */;
			projectDirPath = "";
			projectRoot = "";
			targets = (
				054636D51EE70FAB00947845 /* G04_Mock_Project_Cinema */,
				054636E91EE70FAC00947845 /* G04_Mock_Project_CinemaTests */,
				054636F41EE70FAC00947845 /* G04_Mock_Project_CinemaUITests */,
			);
		};
/* End PBXProject section */

/* Begin PBXResourcesBuildPhase section */
		054636D41EE70FAB00947845 /* Resources */ = {
			isa = PBXResourcesBuildPhase;
			buildActionMask = 2147483647;
			files = (
				054636E41EE70FAB00947845 /* LaunchScreen.storyboard in Resources */,
				054636E11EE70FAB00947845 /* Assets.xcassets in Resources */,
				054636DF1EE70FAB00947845 /* Main.storyboard in Resources */,
			);
			runOnlyForDeploymentPostprocessing = 0;
		};
		054636E81EE70FAC00947845 /* Resources */ = {
			isa = PBXResourcesBuildPhase;
			buildActionMask = 2147483647;
			files = (
			);
			runOnlyForDeploymentPostprocessing = 0;
		};
		054636F31EE70FAC00947845 /* Resources */ = {
			isa = PBXResourcesBuildPhase;
			buildActionMask = 2147483647;
			files = (
			);
			runOnlyForDeploymentPostprocessing = 0;
		};
/* End PBXResourcesBuildPhase section */

/* Begin PBXSourcesBuildPhase section */
		054636D21EE70FAB00947845 /* Sources */ = {
			isa = PBXSourcesBuildPhase;
			buildActionMask = 2147483647;
			files = (
				054636DC1EE70FAB00947845 /* ViewController.swift in Sources */,
				054636DA1EE70FAB00947845 /* AppDelegate.swift in Sources */,
			);
			runOnlyForDeploymentPostprocessing = 0;
		};
		054636E61EE70FAC00947845 /* Sources */ = {
			isa = PBXSourcesBuildPhase;
			buildActionMask = 2147483647;
			files = (
				054636EF1EE70FAC00947845 /* G04_Mock_Project_CinemaTests.swift in Sources */,
			);
			runOnlyForDeploymentPostprocessing = 0;
		};
		054636F11EE70FAC00947845 /* Sources */ = {
			isa = PBXSourcesBuildPhase;
			buildActionMask = 2147483647;
			files = (
				054636FA1EE70FAC00947845 /* G04_Mock_Project_CinemaUITests.swift in Sources */,
			);
			runOnlyForDeploymentPostprocessing = 0;
		};
/* End PBXSourcesBuildPhase section */

/* Begin PBXTargetDependency section */
		054636EC1EE70FAC00947845 /* PBXTargetDependency */ = {
			isa = PBXTargetDependency;
			target = 054636D51EE70FAB00947845 /* G04_Mock_Project_Cinema */;
			targetProxy = 054636EB1EE70FAC00947845 /* PBXContainerItemProxy */;
		};
		054636F71EE70FAC00947845 /* PBXTargetDependency */ = {
			isa = PBXTargetDependency;
			target = 054636D51EE70FAB00947845 /* G04_Mock_Project_Cinema */;
			targetProxy = 054636F61EE70FAC00947845 /* PBXContainerItemProxy */;
		};
/* End PBXTargetDependency section */

/* Begin PBXVariantGroup section */
		054636DD1EE70FAB00947845 /* Main.storyboard */ = {
			isa = PBXVariantGroup;
			children = (
				054636DE1EE70FAB00947845 /* Base */,
			);
			name = Main.storyboard;
			sourceTree = "<group>";
		};
		054636E21EE70FAB00947845 /* LaunchScreen.storyboard */ = {
			isa = PBXVariantGroup;
			children = (
				054636E31EE70FAB00947845 /* Base */,
			);
			name = LaunchScreen.storyboard;
			sourceTree = "<group>";
		};
/* End PBXVariantGroup section */

/* Begin XCBuildConfiguration section */
		054636FC1EE70FAC00947845 /* Debug */ = {
			isa = XCBuildConfiguration;
			buildSettings = {
				ALWAYS_SEARCH_USER_PATHS = NO;
				CLANG_ANALYZER_NONNULL = YES;
				CLANG_ANALYZER_NUMBER_OBJECT_CONVERSION = YES_AGGRESSIVE;
				CLANG_CXX_LANGUAGE_STANDARD = "gnu++0x";
				CLANG_CXX_LIBRARY = "libc++";
				CLANG_ENABLE_MODULES = YES;
				CLANG_ENABLE_OBJC_ARC = YES;
				CLANG_WARN_BOOL_CONVERSION = YES;
				CLANG_WARN_CONSTANT_CONVERSION = YES;
				CLANG_WARN_DIRECT_OBJC_ISA_USAGE = YES_ERROR;
				CLANG_WARN_DOCUMENTATION_COMMENTS = YES;
				CLANG_WARN_EMPTY_BODY = YES;
				CLANG_WARN_ENUM_CONVERSION = YES;
				CLANG_WARN_INFINITE_RECURSION = YES;
				CLANG_WARN_INT_CONVERSION = YES;
				CLANG_WARN_OBJC_ROOT_CLASS = YES_ERROR;
				CLANG_WARN_SUSPICIOUS_MOVE = YES;
				CLANG_WARN_UNREACHABLE_CODE = YES;
				CLANG_WARN__DUPLICATE_METHOD_MATCH = YES;
				"CODE_SIGN_IDENTITY[sdk=iphoneos*]" = "iPhone Developer";
				COPY_PHASE_STRIP = NO;
				DEBUG_INFORMATION_FORMAT = dwarf;
				ENABLE_STRICT_OBJC_MSGSEND = YES;
				ENABLE_TESTABILITY = YES;
				GCC_C_LANGUAGE_STANDARD = gnu99;
				GCC_DYNAMIC_NO_PIC = NO;
				GCC_NO_COMMON_BLOCKS = YES;
				GCC_OPTIMIZATION_LEVEL = 0;
				GCC_PREPROCESSOR_DEFINITIONS = (
					"DEBUG=1",
					"$(inherited)",
				);
				GCC_WARN_64_TO_32_BIT_CONVERSION = YES;
				GCC_WARN_ABOUT_RETURN_TYPE = YES_ERROR;
				GCC_WARN_UNDECLARED_SELECTOR = YES;
				GCC_WARN_UNINITIALIZED_AUTOS = YES_AGGRESSIVE;
				GCC_WARN_UNUSED_FUNCTION = YES;
				GCC_WARN_UNUSED_VARIABLE = YES;
				IPHONEOS_DEPLOYMENT_TARGET = 10.3;
				MTL_ENABLE_DEBUG_INFO = YES;
				ONLY_ACTIVE_ARCH = YES;
				SDKROOT = iphoneos;
				SWIFT_ACTIVE_COMPILATION_CONDITIONS = DEBUG;
				SWIFT_OPTIMIZATION_LEVEL = "-Onone";
				TARGETED_DEVICE_FAMILY = "1,2";
			};
			name = Debug;
		};
		054636FD1EE70FAC00947845 /* Release */ = {
			isa = XCBuildConfiguration;
			buildSettings = {
				ALWAYS_SEARCH_USER_PATHS = NO;
				CLANG_ANALYZER_NONNULL = YES;
				CLANG_ANALYZER_NUMBER_OBJECT_CONVERSION = YES_AGGRESSIVE;
				CLANG_CXX_LANGUAGE_STANDARD = "gnu++0x";
				CLANG_CXX_LIBRARY = "libc++";
				CLANG_ENABLE_MODULES = YES;
				CLANG_ENABLE_OBJC_ARC = YES;
				CLANG_WARN_BOOL_CONVERSION = YES;
				CLANG_WARN_CONSTANT_CONVERSION = YES;
				CLANG_WARN_DIRECT_OBJC_ISA_USAGE = YES_ERROR;
				CLANG_WARN_DOCUMENTATION_COMMENTS = YES;
				CLANG_WARN_EMPTY_BODY = YES;
				CLANG_WARN_ENUM_CONVERSION = YES;
				CLANG_WARN_INFINITE_RECURSION = YES;
				CLANG_WARN_INT_CONVERSION = YES;
				CLANG_WARN_OBJC_ROOT_CLASS = YES_ERROR;
				CLANG_WARN_SUSPICIOUS_MOVE = YES;
				CLANG_WARN_UNREACHABLE_CODE = YES;
				CLANG_WARN__DUPLICATE_METHOD_MATCH = YES;
				"CODE_SIGN_IDENTITY[sdk=iphoneos*]" = "iPhone Developer";
				COPY_PHASE_STRIP = NO;
				DEBUG_INFORMATION_FORMAT = "dwarf-with-dsym";
				ENABLE_NS_ASSERTIONS = NO;
				ENABLE_STRICT_OBJC_MSGSEND = YES;
				GCC_C_LANGUAGE_STANDARD = gnu99;
				GCC_NO_COMMON_BLOCKS = YES;
				GCC_WARN_64_TO_32_BIT_CONVERSION = YES;
				GCC_WARN_ABOUT_RETURN_TYPE = YES_ERROR;
				GCC_WARN_UNDECLARED_SELECTOR = YES;
				GCC_WARN_UNINITIALIZED_AUTOS = YES_AGGRESSIVE;
				GCC_WARN_UNUSED_FUNCTION = YES;
				GCC_WARN_UNUSED_VARIABLE = YES;
				IPHONEOS_DEPLOYMENT_TARGET = 10.3;
				MTL_ENABLE_DEBUG_INFO = NO;
				SDKROOT = iphoneos;
				SWIFT_OPTIMIZATION_LEVEL = "-Owholemodule";
				TARGETED_DEVICE_FAMILY = "1,2";
				VALIDATE_PRODUCT = YES;
			};
			name = Release;
		};
		054636FF1EE70FAC00947845 /* Debug */ = {
			isa = XCBuildConfiguration;
			buildSettings = {
				ASSETCATALOG_COMPILER_APPICON_NAME = AppIcon;
				INFOPLIST_FILE = G04_Mock_Project_Cinema/Info.plist;
				LD_RUNPATH_SEARCH_PATHS = "$(inherited) @executable_path/Frameworks";
				PRODUCT_BUNDLE_IDENTIFIER = "IT.G04-Mock-Project-Cinema";
				PRODUCT_NAME = "$(TARGET_NAME)";
				SWIFT_VERSION = 3.0;
			};
			name = Debug;
		};
		054637001EE70FAC00947845 /* Release */ = {
			isa = XCBuildConfiguration;
			buildSettings = {
				ASSETCATALOG_COMPILER_APPICON_NAME = AppIcon;
				INFOPLIST_FILE = G04_Mock_Project_Cinema/Info.plist;
				LD_RUNPATH_SEARCH_PATHS = "$(inherited) @executable_path/Frameworks";
				PRODUCT_BUNDLE_IDENTIFIER = "IT.G04-Mock-Project-Cinema";
				PRODUCT_NAME = "$(TARGET_NAME)";
				SWIFT_VERSION = 3.0;
			};
			name = Release;
		};
		054637021EE70FAC00947845 /* Debug */ = {
			isa = XCBuildConfiguration;
			buildSettings = {
				ALWAYS_EMBED_SWIFT_STANDARD_LIBRARIES = YES;
				BUNDLE_LOADER = "$(TEST_HOST)";
				INFOPLIST_FILE = G04_Mock_Project_CinemaTests/Info.plist;
				LD_RUNPATH_SEARCH_PATHS = "$(inherited) @executable_path/Frameworks @loader_path/Frameworks";
				PRODUCT_BUNDLE_IDENTIFIER = "IT.G04-Mock-Project-CinemaTests";
				PRODUCT_NAME = "$(TARGET_NAME)";
				SWIFT_VERSION = 3.0;
				TEST_HOST = "$(BUILT_PRODUCTS_DIR)/G04_Mock_Project_Cinema.app/G04_Mock_Project_Cinema";
			};
			name = Debug;
		};
		054637031EE70FAC00947845 /* Release */ = {
			isa = XCBuildConfiguration;
			buildSettings = {
				ALWAYS_EMBED_SWIFT_STANDARD_LIBRARIES = YES;
				BUNDLE_LOADER = "$(TEST_HOST)";
				INFOPLIST_FILE = G04_Mock_Project_CinemaTests/Info.plist;
				LD_RUNPATH_SEARCH_PATHS = "$(inherited) @executable_path/Frameworks @loader_path/Frameworks";
				PRODUCT_BUNDLE_IDENTIFIER = "IT.G04-Mock-Project-CinemaTests";
				PRODUCT_NAME = "$(TARGET_NAME)";
				SWIFT_VERSION = 3.0;
				TEST_HOST = "$(BUILT_PRODUCTS_DIR)/G04_Mock_Project_Cinema.app/G04_Mock_Project_Cinema";
			};
			name = Release;
		};
		054637051EE70FAC00947845 /* Debug */ = {
			isa = XCBuildConfiguration;
			buildSettings = {
				ALWAYS_EMBED_SWIFT_STANDARD_LIBRARIES = YES;
				INFOPLIST_FILE = G04_Mock_Project_CinemaUITests/Info.plist;
				LD_RUNPATH_SEARCH_PATHS = "$(inherited) @executable_path/Frameworks @loader_path/Frameworks";
				PRODUCT_BUNDLE_IDENTIFIER = "IT.G04-Mock-Project-CinemaUITests";
				PRODUCT_NAME = "$(TARGET_NAME)";
				SWIFT_VERSION = 3.0;
				TEST_TARGET_NAME = G04_Mock_Project_Cinema;
			};
			name = Debug;
		};
		054637061EE70FAC00947845 /* Release */ = {
			isa = XCBuildConfiguration;
			buildSettings = {
				ALWAYS_EMBED_SWIFT_STANDARD_LIBRARIES = YES;
				INFOPLIST_FILE = G04_Mock_Project_CinemaUITests/Info.plist;
				LD_RUNPATH_SEARCH_PATHS = "$(inherited) @executable_path/Frameworks @loader_path/Frameworks";
				PRODUCT_BUNDLE_IDENTIFIER = "IT.G04-Mock-Project-CinemaUITests";
				PRODUCT_NAME = "$(TARGET_NAME)";
				SWIFT_VERSION = 3.0;
				TEST_TARGET_NAME = G04_Mock_Project_Cinema;
			};
			name = Release;
		};
/* End XCBuildConfiguration section */

/* Begin XCConfigurationList section */
		054636D11EE70FAB00947845 /* Build configuration list for PBXProject "G04_Mock_Project_Cinema" */ = {
			isa = XCConfigurationList;
			buildConfigurations = (
				054636FC1EE70FAC00947845 /* Debug */,
				054636FD1EE70FAC00947845 /* Release */,
			);
			defaultConfigurationIsVisible = 0;
			defaultConfigurationName = Release;
		};
		054636FE1EE70FAC00947845 /* Build configuration list for PBXNativeTarget "G04_Mock_Project_Cinema" */ = {
			isa = XCConfigurationList;
			buildConfigurations = (
				054636FF1EE70FAC00947845 /* Debug */,
				054637001EE70FAC00947845 /* Release */,
			);
			defaultConfigurationIsVisible = 0;
		};
		054637011EE70FAC00947845 /* Build configuration list for PBXNativeTarget "G04_Mock_Project_CinemaTests" */ = {
			isa = XCConfigurationList;
			buildConfigurations = (
				054637021EE70FAC00947845 /* Debug */,
				054637031EE70FAC00947845 /* Release */,
			);
			defaultConfigurationIsVisible = 0;
		};
		054637041EE70FAC00947845 /* Build configuration list for PBXNativeTarget "G04_Mock_Project_CinemaUITests" */ = {
			isa = XCConfigurationList;
			buildConfigurations = (
				054637051EE70FAC00947845 /* Debug */,
				054637061EE70FAC00947845 /* Release */,
			);
			defaultConfigurationIsVisible = 0;
		};
/* End XCConfigurationList section */
	};
	rootObject = 054636CE1EE70FAB00947845 /* Project object */;
}
